# generated by ctx v0.3.5 — regenerate with 'ctx harness init'
# ctx:checksum sha256:d05e9369245368ee384df2da593bdf3d6717b00778a6fa7edc5693734e896a0e
version = 1

[files.".agents/plugins/marketplace.json"]
checksum = "sha256:c317308be5f9fb5cdb56f0b79c976c192c60a0892ad96fa94d2229cd4ea01ce3"
ctx_version = "0.3.5"

[files.".codex-plugin/plugin.json"]
checksum = "sha256:5c15790b1bf4b2b4a5a860f13df441a6072bbc9706d279e9ee517d738710047a"
ctx_version = "0.3.5"

[files.".ctx/rules.toml"]
checksum = "sha256:b13908e731190123f99de1ba9368555dcf97c0428577c5b7ae74f1784dc260e0"
ctx_version = "0.3.5"

[files."README.md"]
checksum = "sha256:34e7672bdab14daf5db9ab14d51b90c8b962948ca8c507c2db28ad14ba45c32d"
ctx_version = "0.3.5"

[files."hooks/hooks.json"]
checksum = "sha256:dc86b94bf399f4963b57d8bc69d689735bcb82674f60330c9943549e26958336"
ctx_version = "0.3.5"

[files."hooks/post-tool-use.sh"]
checksum = "sha256:4fbf2bbf8d6a917e63f942057cc9450115466fbb17f67eb42ea04db18491f67e"
ctx_version = "0.3.5"

[files."hooks/session-start.sh"]
checksum = "sha256:1e94faa878ff2546fb0012da7874df65dd36a15138443f759ac409a7786fc925"
ctx_version = "0.3.5"

[files."hooks/stop.sh"]
checksum = "sha256:8dbdbfc6414d30bb47d385480f5de0d4aa62cb842c04cc618697919d63d4f701"
ctx_version = "0.3.5"

[files."skills/ctx/SKILL.md"]
checksum = "sha256:c32412995a1d779b86b5bb3eea5c03b39e480a76bd680a1b2b1a03ce7b4ec11f"
ctx_version = "0.3.5"
