# generated by ctx v0.4.0 — regenerate with 'ctx harness init'
# ctx:checksum sha256:49606175c1a62e44651ea909538bd3c3984cbaf6446fcd682d9f7a4a47a36332
version = 1

[files.".agents/plugins/marketplace.json"]
checksum = "sha256:c317308be5f9fb5cdb56f0b79c976c192c60a0892ad96fa94d2229cd4ea01ce3"
ctx_version = "0.4.0"

[files.".codex-plugin/plugin.json"]
checksum = "sha256:856b7013d2dbe30baf92d2297b3d0732b6b4da20767c0f9f5a41a1738ac8f75f"
ctx_version = "0.4.0"

[files.".ctx/rules.toml"]
checksum = "sha256:d7c33956e71d5976431b1aad9f8fddc70a109cc173c72ec2bc2f1bd7aa276dab"
ctx_version = "0.4.0"

[files."README.md"]
checksum = "sha256:b67ed58425c24bc573ffa07b27b9ad934e42ef003be1488d91c8453aeb9556fd"
ctx_version = "0.4.0"

[files."hooks/hooks.json"]
checksum = "sha256:dc86b94bf399f4963b57d8bc69d689735bcb82674f60330c9943549e26958336"
ctx_version = "0.4.0"

[files."hooks/post-tool-use.sh"]
checksum = "sha256:c73ba67709f0f2fb761dda8957f9282eb3ce25b27c182a0606f371afb958d9ba"
ctx_version = "0.4.0"

[files."hooks/session-start.sh"]
checksum = "sha256:f251b3442bc4f4608eba12cd84f3ff622e84021f74f828212d0f2fa8766191c3"
ctx_version = "0.4.0"

[files."hooks/stop.sh"]
checksum = "sha256:9647821a5d9e7526c275455dc04115b0fc23b9d9da650a41d5a04278b6061dbd"
ctx_version = "0.4.0"

[files."skills/ctx/SKILL.md"]
checksum = "sha256:4635976ba08ebf154db8a3111860db9f97131f0f0611e0115a1c813a654db9c5"
ctx_version = "0.4.0"
