# generated by ctx v0.4.0 — regenerate with 'ctx harness init'
# ctx:checksum sha256:70791eb5a1b33cbde02302e8aee5b771c064faeb13e0cb603677f7775b1e2d9b
version = 1

[files.".claude-plugin/marketplace.json"]
checksum = "sha256:6aefebf0dcfedb4cd3b3f84cd6652e7a99a1f5d313155ad4b887f50a5cc9b926"
ctx_version = "0.4.0"

[files.".claude-plugin/plugin.json"]
checksum = "sha256:ad2430e6ab8fb9c313ad83c9eae3cfaf6a63b8405fa00d5c342d7af8b8da4751"
ctx_version = "0.4.0"

[files.".ctx/rules.toml"]
checksum = "sha256:d7c33956e71d5976431b1aad9f8fddc70a109cc173c72ec2bc2f1bd7aa276dab"
ctx_version = "0.4.0"

[files."README.md"]
checksum = "sha256:1f3b9f035d706b8916b0c2f408538326a4cf81f97652e175af1fad95fc9fa831"
ctx_version = "0.4.0"

[files."hooks/hooks.json"]
checksum = "sha256:e70c43d2f3161415346fac7aea2425e0a1abf644a48afeda0abc6caccb05805c"
ctx_version = "0.4.0"

[files."hooks/post-tool-use.sh"]
checksum = "sha256:cbe52e10d6a46b6c9e76614e3f61059069d56ec6827f57796e534fd76114740d"
ctx_version = "0.4.0"

[files."hooks/session-start.sh"]
checksum = "sha256:fe16fe7ca1f3f3adc18a6734e61519c2ba42da17c719f7b9d3cd06d7e40d257e"
ctx_version = "0.4.0"

[files."hooks/stop.sh"]
checksum = "sha256:5b7776e991e2856d8808835be35e7fe35b66ad6278387f246e922a010a0b381f"
ctx_version = "0.4.0"

[files."settings.json"]
checksum = "sha256:f9f9c5caf1a0e6043489441649b31a50600dee743e6109aa320fb68ddce097fe"
ctx_version = "0.4.0"

[files."skills/ctx/SKILL.md"]
checksum = "sha256:4635976ba08ebf154db8a3111860db9f97131f0f0611e0115a1c813a654db9c5"
ctx_version = "0.4.0"
