# generated by ctx v0.3.5 — regenerate with 'ctx harness init'
# ctx:checksum sha256:62cb4bc21ca222451cc49747c24aa8bef410347d2902824cf838be3690e2f340
version = 1

[files.".claude-plugin/marketplace.json"]
checksum = "sha256:27eaaa8eba4786c2897d99145fd7ddf70dc85d5440d471b4b4baa014266722f5"
ctx_version = "0.3.5"

[files.".claude-plugin/plugin.json"]
checksum = "sha256:28ae394800491bef3efa1292a0b0fc1eea1479af9b3dc6671e5e90eb80a40d91"
ctx_version = "0.3.5"

[files.".ctx/rules.toml"]
checksum = "sha256:b13908e731190123f99de1ba9368555dcf97c0428577c5b7ae74f1784dc260e0"
ctx_version = "0.3.5"

[files."README.md"]
checksum = "sha256:62c54f54a253acef90c418e9196c35fe50e18e12865fed6ca9d71b03ee1a1e19"
ctx_version = "0.3.5"

[files."hooks/hooks.json"]
checksum = "sha256:e70c43d2f3161415346fac7aea2425e0a1abf644a48afeda0abc6caccb05805c"
ctx_version = "0.3.5"

[files."hooks/post-tool-use.sh"]
checksum = "sha256:adfc170f70f4e99fab816dd4c04929bedf394f9b3390c3f882d83fb4c5093b5f"
ctx_version = "0.3.5"

[files."hooks/session-start.sh"]
checksum = "sha256:4a02988d7eee1bc6bc5d0cfae19596b0f0e4362cc8195d6a74aa8abbe842baf1"
ctx_version = "0.3.5"

[files."hooks/stop.sh"]
checksum = "sha256:4655e629aa0f35803de7bdfb3f5cae9ad003a0c52522ab2a094b73f773cccc80"
ctx_version = "0.3.5"

[files."settings.json"]
checksum = "sha256:f9f9c5caf1a0e6043489441649b31a50600dee743e6109aa320fb68ddce097fe"
ctx_version = "0.3.5"

[files."skills/ctx/SKILL.md"]
checksum = "sha256:a94b840c1cfb7b8ac4bc1e03307069858fd2e33034c17f9020d30d980f7739e6"
ctx_version = "0.3.5"
